github.com/golang-jwt/jwt/v5 v5.0.0 h1:1n1XNM9hk7O9mnQoNBGolZvzebBQ7p93ULHRc28XJUE=
github.com/golang-jwt/jwt/v5 v5.0.0/go.mod h1:pqrtFR0X4osieyHYxtmOUWsAWrfe1Q5UVIyoH402zdk=
github.com/griddb/go_client v0.0.0-20220930090803-ae52380ad88e h1:weH+Vm7MpxkZkT2lhIf/3DMilBXuSUYGJvpRraRMSQ0=
github.com/griddb/go_client v0.0.0-20220930090803-ae52380ad88e/go.mod h1:cLn5G1/1hZMxfp4jPEKMEDO4h+ids7pQTA1QO6xsZbc=
golang.org/x/crypto v0.14.0 h1:wBqGXzWJW6m1XrIKlAH0Hs1JJ7+9KBwnIO8v66Q9cHc=
golang.org/x/crypto v0.14.0/go.mod h1:MVFd36DqK4CsrnJYDkBA3VC4m2GkXAM0PvzMCn4JQf4=
