{
  "name": "shahzaib",
  "version": "1.0.0",
  "lockfileVersion": 1,
  "requires": true,
  "dependencies": {
    "cjs": {
      "version": "0.0.11",
      "resolved": "https://registry.npmjs.org/cjs/-/cjs-0.0.11.tgz",
      "integrity": "sha512-aLndk8BnpIOy/ZxmLGCNTSFoLm0+OyZDtxNCV6jUBHBkLICanUAlkIGtnaQrCBMYTebOmWHNg8+vxtaYZ8LSfA==",
      "requires": {
        "sync-channel": "*"
      }
    },
    "griddb_node": {
      "version": "0.8.4",
      "resolved": "https://registry.npmjs.org/griddb_node/-/griddb_node-0.8.4.tgz",
      "integrity": "sha512-TbSCUqe0Bk1mlTaRskDJPU/PWlWQTSMoqcT2qeQLvKJNK6kndvjCaGaFUhoLzGEA+k1AzTXdv88Q1DMbDQ7ZlQ=="
    },
    "sync-channel": {
      "version": "0.0.6",
      "resolved": "https://registry.npmjs.org/sync-channel/-/sync-channel-0.0.6.tgz",
      "integrity": "sha512-rjHHukZeQW3hGgwMuOkrITv1e87nxuAKRGgwPNtCmS3Az+YdO826hBy1IDjRsTXKGc2WDWUaDU5Zx8uodXWwgg=="
    }
  }
}
